// !$*UTF8*$!
{
	archiveVersion = 1;
	classes = {
	};
	objectVersion = 46;
	objects = {

/* Begin PBXBuildFile section */
		8FD99C9D1BBD830000AFA463 /* AppDelegate.swift in Sources */ = {isa = PBXBuildFile; fileRef = 8FD99C9C1BBD830000AFA463 /* AppDelegate.swift */; };
		8FD99C9F1BBD830000AFA463 /* ViewController.swift in Sources */ = {isa = PBXBuildFile; fileRef = 8FD99C9E1BBD830000AFA463 /* ViewController.swift */; };
		8FD99CA21BBD830000AFA463 /* Main.storyboard in Resources */ = {isa = PBXBuildFile; fileRef = 8FD99CA01BBD830000AFA463 /* Main.storyboard */; };
		8FD99CA41BBD830000AFA463 /* Assets.xcassets in Resources */ = {isa = PBXBuildFile; fileRef = 8FD99CA31BBD830000AFA463 /* Assets.xcassets */; };
		8FD99CA71BBD830000AFA463 /* LaunchScreen.storyboard in Resources */ = {isa = PBXBuildFile; fileRef = 8FD99CA51BBD830000AFA463 /* LaunchScreen.storyboard */; };
/* End PBXBuildFile section */

/* Begin PBXFileReference section */
		8FD99C991BBD830000AFA463 /* StackView_Design.app */ = {isa = PBXFileReference; explicitFileType = wrapper.application; includeInIndex = 0; path = StackView_Design.app; sourceTree = BUILT_PRODUCTS_DIR; };
		8FD99C9C1BBD830000AFA463 /* AppDelegate.swift */ = {isa = PBXFileReference; lastKnownFileType = sourcecode.swift; path = AppDelegate.swift; sourceTree = "<group>"; };
		8FD99C9E1BBD830000AFA463 /* ViewController.swift */ = {isa = PBXFileReference; lastKnownFileType = sourcecode.swift; path = ViewController.swift; sourceTree = "<group>"; };
		8FD99CA11BBD830000AFA463 /* Base */ = {isa = PBXFileReference; lastKnownFileType = file.storyboard; name = Base; path = Base.lproj/Main.storyboard; sourceTree = "<group>"; };
		8FD99CA31BBD830000AFA463 /* Assets.xcassets */ = {isa = PBXFileReference; lastKnownFileType = folder.assetcatalog; path = Assets.xcassets; sourceTree = "<group>"; };
		8FD99CA61BBD830000AFA463 /* Base */ = {isa = PBXFileReference; lastKnownFileType = file.storyboard; name = Base; path = Base.lproj/LaunchScreen.storyboard; sourceTree = "<group>"; };
		8FD99CA81BBD830000AFA463 /* Info.plist */ = {isa = PBXFileReference; lastKnownFileType = text.plist.xml; path = Info.plist; sourceTree = "<group>"; };
/* End PBXFileReference section */

/* Begin PBXFrameworksBuildPhase section */
		8FD99C961BBD830000AFA463 /* Frameworks */ = {
			isa = PBXFrameworksBuildPhase;
			buildActionMask = 2147483647;
			files = (
			);
			runOnlyForDeploymentPostprocessing = 0;
		};
/* End PBXFrameworksBuildPhase section */

/* Begin PBXGroup section */
		8FD99C901BBD830000AFA463 = {
			isa = PBXGroup;
			children = (
				8FD99C9B1BBD830000AFA463 /* StackView_Design */,
				8FD99C9A1BBD830000AFA463 /* Products */,
			);
			sourceTree = "<group>";
		};
		8FD99C9A1BBD830000AFA463 /* Products */ = {
			isa = PBXGroup;
			children = (
				8FD99C991BBD830000AFA463 /* StackView_Design.app */,
			);
			name = Products;
			sourceTree = "<group>";
		};
		8FD99C9B1BBD830000AFA463 /* StackView_Design */ = {
			isa = PBXGroup;
			children = (
				8FD99C9C1BBD830000AFA463 /* AppDelegate.swift */,
				8FD99C9E1BBD830000AFA463 /* ViewController.swift */,
				8FD99CA01BBD830000AFA463 /* Main.storyboard */,
				8FD99CA31BBD830000AFA463 /* Assets.xcassets */,
				8FD99CA51BBD830000AFA463 /* LaunchScreen.storyboard */,
				8FD99CA81BBD830000AFA463 /* Info.plist */,
			);
			path = StackView_Design;
			sourceTree = "<group>";
		};
/* End PBXGroup section */

/* Begin PBXNativeTarget section */
		8FD99C981BBD830000AFA463 /* StackView_Design */ = {
			isa = PBXNativeTarget;
			buildConfigurationList = 8FD99CAB1BBD830000AFA463 /* Build configuration list for PBXNativeTarget "StackView_Design" */;
			buildPhases = (
				8FD99C951BBD830000AFA463 /* Sources */,
				8FD99C961BBD830000AFA463 /* Frameworks */,
				8FD99C971BBD830000AFA463 /* Resources */,
			);
			buildRules = (
			);
			dependencies = (
			);
			name = StackView_Design;
			productName = StackView_Design;
			productReference = 8FD99C991BBD830000AFA463 /* StackView_Design.app */;
			productType = "com.apple.product-type.application";
		};
/* End PBXNativeTarget section */

/* Begin PBXProject section */
		8FD99C911BBD830000AFA463 /* Project object */ = {
			isa = PBXProject;
			attributes = {
				LastUpgradeCheck = 0700;
				ORGANIZATIONNAME = "Brad Gray";
				TargetAttributes = {
					8FD99C981BBD830000AFA463 = {
						CreatedOnToolsVersion = 7.0;
					};
				};
			};
			buildConfigurationList = 8FD99C941BBD830000AFA463 /* Build configuration list for PBXProject "StackView_Design" */;
			compatibilityVersion = "Xcode 3.2";
			developmentRegion = English;
			hasScannedForEncodings = 0;
			knownRegions = (
				en,
				Base,
			);
			mainGroup = 8FD99C901BBD830000AFA463;
			productRefGroup = 8FD99C9A1BBD830000AFA463 /* Products */;
			projectDirPath = "";
			projectRoot = "";
			targets = (
				8FD99C981BBD830000AFA463 /* StackView_Design */,
			);
		};
/* End PBXProject section */

/* Begin PBXResourcesBuildPhase section */
		8FD99C971BBD830000AFA463 /* Resources */ = {
			isa = PBXResourcesBuildPhase;
			buildActionMask = 2147483647;
			files = (
				8FD99CA71BBD830000AFA463 /* LaunchScreen.storyboard in Resources */,
				8FD99CA41BBD830000AFA463 /* Assets.xcassets in Resources */,
				8FD99CA21BBD830000AFA463 /* Main.storyboard in Resources */,
			);
			runOnlyForDeploymentPostprocessing = 0;
		};
/* End PBXResourcesBuildPhase section */

/* Begin PBXSourcesBuildPhase section */
		8FD99C951BBD830000AFA463 /* Sources */ = {
			isa = PBXSourcesBuildPhase;
			buildActionMask = 2147483647;
			files = (
				8FD99C9F1BBD830000AFA463 /* ViewController.swift in Sources */,
				8FD99C9D1BBD830000AFA463 /* AppDelegate.swift in Sources */,
			);
			runOnlyForDeploymentPostprocessing = 0;
		};
/* End PBXSourcesBuildPhase section */

/* Begin PBXVariantGroup section */
		8FD99CA01BBD830000AFA463 /* Main.storyboard */ = {
			isa = PBXVariantGroup;
			children = (
				8FD99CA11BBD830000AFA463 /* Base */,
			);
			name = Main.storyboard;
			sourceTree = "<group>";
		};
		8FD99CA51BBD830000AFA463 /* LaunchScreen.storyboard */ = {
			isa = PBXVariantGroup;
			children = (
				8FD99CA61BBD830000AFA463 /* Base */,
			);
			name = LaunchScreen.storyboard;
			sourceTree = "<group>";
		};
/* End PBXVariantGroup section */

/* Begin XCBuildConfiguration section */
		8FD99CA91BBD830000AFA463 /* Debug */ = {
			isa = XCBuildConfiguration;
			buildSettings = {
				ALWAYS_SEARCH_USER_PATHS = NO;
				CLANG_CXX_LANGUAGE_STANDARD = "gnu++0x";
				CLANG_CXX_LIBRARY = "libc++";
				CLANG_ENABLE_MODULES = YES;
				CLANG_ENABLE_OBJC_ARC = YES;
				CLANG_WARN_BOOL_CONVERSION = YES;
				CLANG_WARN_CONSTANT_CONVERSION = YES;
				CLANG_WARN_DIRECT_OBJC_ISA_USAGE = YES_ERROR;
				CLANG_WARN_EMPTY_BODY = YES;
				CLANG_WARN_ENUM_CONVERSION = YES;
				CLANG_WARN_INT_CONVERSION = YES;
				CLANG_WARN_OBJC_ROOT_CLASS = YES_ERROR;
				CLANG_WARN_UNREACHABLE_CODE = YES;
				CLANG_WARN__DUPLICATE_METHOD_MATCH = YES;
				"CODE_SIGN_IDENTITY[sdk=iphoneos*]" = "iPhone Developer";
				COPY_PHASE_STRIP = NO;
				DEBUG_INFORMATION_FORMAT = dwarf;
				ENABLE_STRICT_OBJC_MSGSEND = YES;
				ENABLE_TESTABILITY = YES;
				GCC_C_LANGUAGE_STANDARD = gnu99;
				GCC_DYNAMIC_NO_PIC = NO;
				GCC_NO_COMMON_BLOCKS = YES;
				GCC_OPTIMIZATION_LEVEL = 0;
				GCC_PREPROCESSOR_DEFINITIONS = (
					"DEBUG=1",
					"$(inherited)",
				);
				GCC_WARN_64_TO_32_BIT_CONVERSION = YES;
				GCC_WARN_ABOUT_RETURN_TYPE = YES_ERROR;
				GCC_WARN_UNDECLARED_SELECTOR = YES;
				GCC_WARN_UNINITIALIZED_AUTOS = YES_AGGRESSIVE;
				GCC_WARN_UNUSED_FUNCTION = YES;
				GCC_WARN_UNUSED_VARIABLE = YES;
				IPHONEOS_DEPLOYMENT_TARGET = 9.0;
				MTL_ENABLE_DEBUG_INFO = YES;
				ONLY_ACTIVE_ARCH = YES;
				SDKROOT = iphoneos;
				SWIFT_OPTIMIZATION_LEVEL = "-Onone";
				TARGETED_DEVICE_FAMILY = "1,2";
			};
			name = Debug;
		};
		8FD99CAA1BBD830000AFA463 /* Release */ = {
			isa = XCBuildConfiguration;
			buildSettings = {
				ALWAYS_SEARCH_USER_PATHS = NO;
				CLANG_CXX_LANGUAGE_STANDARD = "gnu++0x";
				CLANG_CXX_LIBRARY = "libc++";
				CLANG_ENABLE_MODULES = YES;
				CLANG_ENABLE_OBJC_ARC = YES;
				CLANG_WARN_BOOL_CONVERSION = YES;
				CLANG_WARN_CONSTANT_CONVERSION = YES;
				CLANG_WARN_DIRECT_OBJC_ISA_USAGE = YES_ERROR;
				CLANG_WARN_EMPTY_BODY = YES;
				CLANG_WARN_ENUM_CONVERSION = YES;
				CLANG_WARN_INT_CONVERSION = YES;
				CLANG_WARN_OBJC_ROOT_CLASS = YES_ERROR;
				CLANG_WARN_UNREACHABLE_CODE = YES;
				CLANG_WARN__DUPLICATE_METHOD_MATCH = YES;
				"CODE_SIGN_IDENTITY[sdk=iphoneos*]" = "iPhone Developer";
				COPY_PHASE_STRIP = NO;
				DEBUG_INFORMATION_FORMAT = "dwarf-with-dsym";
				ENABLE_NS_ASSERTIONS = NO;
				ENABLE_STRICT_OBJC_MSGSEND = YES;
				GCC_C_LANGUAGE_STANDARD = gnu99;
				GCC_NO_COMMON_BLOCKS = YES;
				GCC_WARN_64_TO_32_BIT_CONVERSION = YES;
				GCC_WARN_ABOUT_RETURN_TYPE = YES_ERROR;
				GCC_WARN_UNDECLARED_SELECTOR = YES;
				GCC_WARN_UNINITIALIZED_AUTOS = YES_AGGRESSIVE;
				GCC_WARN_UNUSED_FUNCTION = YES;
				GCC_WARN_UNUSED_VARIABLE = YES;
				IPHONEOS_DEPLOYMENT_TARGET = 9.0;
				MTL_ENABLE_DEBUG_INFO = NO;
				SDKROOT = iphoneos;
				TARGETED_DEVICE_FAMILY = "1,2";
				VALIDATE_PRODUCT = YES;
			};
			name = Release;
		};
		8FD99CAC1BBD830000AFA463 /* Debug */ = {
			isa = XCBuildConfiguration;
			buildSettings = {
				ASSETCATALOG_COMPILER_APPICON_NAME = AppIcon;
				INFOPLIST_FILE = StackView_Design/Info.plist;
				LD_RUNPATH_SEARCH_PATHS = "$(inherited) @executable_path/Frameworks";
				PRODUCT_BUNDLE_IDENTIFIER = "swiftgraydesign.StackView-Design";
				PRODUCT_NAME = "$(TARGET_NAME)";
			};
			name = Debug;
		};
		8FD99CAD1BBD830000AFA463 /* Release */ = {
			isa = XCBuildConfiguration;
			buildSettings = {
				ASSETCATALOG_COMPILER_APPICON_NAME = AppIcon;
				INFOPLIST_FILE = StackView_Design/Info.plist;
				LD_RUNPATH_SEARCH_PATHS = "$(inherited) @executable_path/Frameworks";
				PRODUCT_BUNDLE_IDENTIFIER = "swiftgraydesign.StackView-Design";
				PRODUCT_NAME = "$(TARGET_NAME)";
			};
			name = Release;
		};
/* End XCBuildConfiguration section */

/* Begin XCConfigurationList section */
		8FD99C941BBD830000AFA463 /* Build configuration list for PBXProject "StackView_Design" */ = {
			isa = XCConfigurationList;
			buildConfigurations = (
				8FD99CA91BBD830000AFA463 /* Debug */,
				8FD99CAA1BBD830000AFA463 /* Release */,
			);
			defaultConfigurationIsVisible = 0;
			defaultConfigurationName = Release;
		};
		8FD99CAB1BBD830000AFA463 /* Build configuration list for PBXNativeTarget "StackView_Design" */ = {
			isa = XCConfigurationList;
			buildConfigurations = (
				8FD99CAC1BBD830000AFA463 /* Debug */,
				8FD99CAD1BBD830000AFA463 /* Release */,
			);
			defaultConfigurationIsVisible = 0;
		};
/* End XCConfigurationList section */
	};
	rootObject = 8FD99C911BBD830000AFA463 /* Project object */;
}
